
Microsoft Visual Studio Solution File, Format Version 12.00
# Visual Studio 15
VisualStudioVersion = 15.0.28307.421
MinimumVisualStudioVersion = 10.0.40219.1
Project("{9A19103F-16F7-4668-BE54-9A1E7A4F7556}") = "SelimLibrary.Data", "SelimLibrary.Data\SelimLibrary.Data.csproj", "{DDDA6BA8-D0D1-4884-A94C-B0229A4D6326}"
EndProject
Project("{FAE04EC0-301F-11D3-BF4B-00C04F79EFBC}") = "SelimLibrary.ConsoleApp", "SelimLibrary.ConsoleApp\SelimLibrary.ConsoleApp.csproj", "{2346C391-E918-426C-A7D1-7BEAB66AB5F5}"
EndProject
Project("{FAE04EC0-301F-11D3-BF4B-00C04F79EFBC}") = "SelimLibrary.ConsoleUI", "SelimLibrary.ConsoleUI\SelimLibrary.ConsoleUI.csproj", "{AE49314E-74A7-4BCE-A220-7316CEE943FB}"
EndProject
Project("{FAE04EC0-301F-11D3-BF4B-00C04F79EFBC}") = "SelimLibrary.BusinessLogic", "SelimLibrary.BusinessLogic\SelimLibrary.BusinessLogic.csproj", "{D3E575E3-ADE1-474F-8DA2-86D6C721664D}"
EndProject
Global
	GlobalSection(SolutionConfigurationPlatforms) = preSolution
		Debug|Any CPU = Debug|Any CPU
		Release|Any CPU = Release|Any CPU
	EndGlobalSection
	GlobalSection(ProjectConfigurationPlatforms) = postSolution
		{DDDA6BA8-D0D1-4884-A94C-B0229A4D6326}.Debug|Any CPU.ActiveCfg = Debug|Any CPU
		{DDDA6BA8-D0D1-4884-A94C-B0229A4D6326}.Debug|Any CPU.Build.0 = Debug|Any CPU
		{DDDA6BA8-D0D1-4884-A94C-B0229A4D6326}.Release|Any CPU.ActiveCfg = Release|Any CPU
		{DDDA6BA8-D0D1-4884-A94C-B0229A4D6326}.Release|Any CPU.Build.0 = Release|Any CPU
		{2346C391-E918-426C-A7D1-7BEAB66AB5F5}.Debug|Any CPU.ActiveCfg = Debug|Any CPU
		{2346C391-E918-426C-A7D1-7BEAB66AB5F5}.Debug|Any CPU.Build.0 = Debug|Any CPU
		{2346C391-E918-426C-A7D1-7BEAB66AB5F5}.Release|Any CPU.ActiveCfg = Release|Any CPU
		{2346C391-E918-426C-A7D1-7BEAB66AB5F5}.Release|Any CPU.Build.0 = Release|Any CPU
		{AE49314E-74A7-4BCE-A220-7316CEE943FB}.Debug|Any CPU.ActiveCfg = Debug|Any CPU
		{AE49314E-74A7-4BCE-A220-7316CEE943FB}.Debug|Any CPU.Build.0 = Debug|Any CPU
		{AE49314E-74A7-4BCE-A220-7316CEE943FB}.Release|Any CPU.ActiveCfg = Release|Any CPU
		{AE49314E-74A7-4BCE-A220-7316CEE943FB}.Release|Any CPU.Build.0 = Release|Any CPU
		{D3E575E3-ADE1-474F-8DA2-86D6C721664D}.Debug|Any CPU.ActiveCfg = Debug|Any CPU
		{D3E575E3-ADE1-474F-8DA2-86D6C721664D}.Debug|Any CPU.Build.0 = Debug|Any CPU
		{D3E575E3-ADE1-474F-8DA2-86D6C721664D}.Release|Any CPU.ActiveCfg = Release|Any CPU
		{D3E575E3-ADE1-474F-8DA2-86D6C721664D}.Release|Any CPU.Build.0 = Release|Any CPU
	EndGlobalSection
	GlobalSection(SolutionProperties) = preSolution
		HideSolutionNode = FALSE
	EndGlobalSection
	GlobalSection(ExtensibilityGlobals) = postSolution
		SolutionGuid = {4DE4FD6F-0E06-41DC-94C5-ABFC93D336F7}
	EndGlobalSection
EndGlobal
